
Microsoft Visual Studio Solution File, Format Version 12.00
# Visual Studio Version 17
VisualStudioVersion = 17.0.31903.59
MinimumVisualStudioVersion = 10.0.40219.1
Project("{2150E333-8FDC-42A3-9474-1A3956D46DE8}") = "Exercises", "Exercises", "{95D874D1-7D79-46AF-BE65-E72C08FA2C31}"
	ProjectSection(SolutionItems) = preProject
		Scratches\Publisher - Subscriber\Publisher - Subscriber.csproj = Scratches\Publisher - Subscriber\Publisher - Subscriber.csproj
	EndProjectSection
EndProject
Project("{FAE04EC0-301F-11D3-BF4B-00C04F79EFBC}") = "Access Public List", "Exercises\Access Public List\Access Public List.csproj", "{21858D87-E62A-49C0-852F-BA3BC7D4BE53}"
EndProject
Project("{FAE04EC0-301F-11D3-BF4B-00C04F79EFBC}") = "Broadcaster", "Exercises\Broadcaster\Broadcaster.csproj", "{AFBBDEF4-F03B-4EAD-BA72-45A1C3398161}"
EndProject
Project("{FAE04EC0-301F-11D3-BF4B-00C04F79EFBC}") = "Exercises", "Exercises\Dotproduct\Exercises.csproj", "{70DEFED8-695B-4356-9AEB-7CA574847FAC}"
EndProject
Project("{FAE04EC0-301F-11D3-BF4B-00C04F79EFBC}") = "FooBarNew", "Exercises\FooBarNew\FooBarNew.csproj", "{A23608C0-D699-466A-8689-9A5C69311CBD}"
EndProject
Project("{FAE04EC0-301F-11D3-BF4B-00C04F79EFBC}") = "IdentifyAnimalUsingGeneric", "Exercises\IdentifyAnimalUsingGeneric\IdentifyAnimalUsingGeneric.csproj", "{6346070A-5456-4E52-A2EF-B7C3E18668FB}"
EndProject
Project("{FAE04EC0-301F-11D3-BF4B-00C04F79EFBC}") = "Modulo", "Exercises\Modulo\Modulo.csproj", "{7D1B086D-3936-4AD1-B233-93188EAF030F}"
EndProject
Project("{FAE04EC0-301F-11D3-BF4B-00C04F79EFBC}") = "Self Mini Project", "Exercises\Self Mini Project\Self Mini Project.csproj", "{F1436266-92CB-4AD6-9846-FE80A996F9DC}"
EndProject
Project("{2150E333-8FDC-42A3-9474-1A3956D46DE8}") = "Scratches", "Scratches", "{29887462-60BC-490B-A02B-03978AB5BBD3}"
EndProject
Project("{FAE04EC0-301F-11D3-BF4B-00C04F79EFBC}") = "Car Workshop", "Scratches\Car Workshop\Car Workshop.csproj", "{275B1C92-5CF8-47F4-9938-34EF2B5A09AF}"
EndProject
Project("{FAE04EC0-301F-11D3-BF4B-00C04F79EFBC}") = "Learn Day 1", "Scratches\Learn Day 1\Learn Day 1.csproj", "{A1FC7DB4-7955-4936-AF89-75BADA2D2A04}"
EndProject
Project("{FAE04EC0-301F-11D3-BF4B-00C04F79EFBC}") = "Learn Day 2", "Scratches\Learn Day 2\Learn Day 2.csproj", "{C5FD9687-44A6-4DED-A84E-AE015A54530D}"
EndProject
Project("{FAE04EC0-301F-11D3-BF4B-00C04F79EFBC}") = "Learn Day 3", "Scratches\Learn Day 3\Learn Day 3.csproj", "{1C5C310E-5742-4ECE-A637-962035E90FBF}"
EndProject
Project("{FAE04EC0-301F-11D3-BF4B-00C04F79EFBC}") = "Learn Day 4", "Scratches\Learn Day 4\Learn Day 4.csproj", "{744F5284-9B92-4F89-9D92-0E77D0BDA486}"
EndProject
Project("{FAE04EC0-301F-11D3-BF4B-00C04F79EFBC}") = "Learn Day 5", "Scratches\Learn Day 5\Learn Day 5.csproj", "{984AAABB-EA2F-4654-8178-27EF03015163}"
EndProject
Project("{FAE04EC0-301F-11D3-BF4B-00C04F79EFBC}") = "Learn Event Handler", "Scratches\Learn Event Handler\Learn Event Handler.csproj", "{1C3BA798-F415-4149-B7DC-655BCE32FEBF}"
EndProject
Project("{FAE04EC0-301F-11D3-BF4B-00C04F79EFBC}") = "Publisher - Subscriber", "Scratches\Publisher - Subscriber\Publisher - Subscriber.csproj", "{E0FF166D-7D69-41E9-BC93-CBF4C25C50AC}"
EndProject
Project("{2150E333-8FDC-42A3-9474-1A3956D46DE8}") = "Week 1", "Week 1", "{CE888642-333D-4F2C-9379-4D982FEE0EF0}"
EndProject
Project("{FAE04EC0-301F-11D3-BF4B-00C04F79EFBC}") = "Day 1", "Week 1\Day 1\Day 1.csproj", "{6333DA9D-BE00-4CBE-B7DF-01E51887F75F}"
EndProject
Project("{FAE04EC0-301F-11D3-BF4B-00C04F79EFBC}") = "Day 2", "Week 1\Day 2\Day 2.csproj", "{0608F135-7DBE-4E9B-A933-F5FA50CF20C6}"
EndProject
Project("{FAE04EC0-301F-11D3-BF4B-00C04F79EFBC}") = "Day 3", "Week 1\Day 3\Day 3.csproj", "{938F59A9-5D80-49CE-B72D-4C53CB1A022D}"
EndProject
Project("{FAE04EC0-301F-11D3-BF4B-00C04F79EFBC}") = "Day 4", "Week 1\Day 4\Day 4.csproj", "{EAE522FE-53CE-4F80-B32F-3F1834BC034D}"
EndProject
Project("{2150E333-8FDC-42A3-9474-1A3956D46DE8}") = "Day 5", "Day 5", "{5241E191-2159-466E-923C-1EA778A53F97}"
EndProject
Project("{FAE04EC0-301F-11D3-BF4B-00C04F79EFBC}") = "Generic", "Week 1\Day 5\Generic\Generic.csproj", "{DE4213DD-7693-405E-8C96-C5932CA04452}"
EndProject
Project("{FAE04EC0-301F-11D3-BF4B-00C04F79EFBC}") = "Day 5", "Week 1\Day 5\Struct and Classes\Day 5.csproj", "{CF0A6E7D-0401-4385-A21F-88DBC8C793AF}"
EndProject
Project("{2150E333-8FDC-42A3-9474-1A3956D46DE8}") = "Week 2", "Week 2", "{FC9E0E80-C222-4F6D-BDC4-2C39A4852D8E}"
EndProject
Project("{2150E333-8FDC-42A3-9474-1A3956D46DE8}") = "Day 6", "Day 6", "{65FFFA4D-3974-44E2-93B5-65C6489CD0A0}"
EndProject
Project("{FAE04EC0-301F-11D3-BF4B-00C04F79EFBC}") = "Day 6", "Week 2\Day 6\Find Book By Index Program\Day 6.csproj", "{CF59B541-DF90-4CA9-B74C-49FDC2DC727B}"
EndProject
Project("{FAE04EC0-301F-11D3-BF4B-00C04F79EFBC}") = "TryParseProgram", "Week 2\Day 6\TryParseProgram\TryParseProgram.csproj", "{6D77573A-708F-4A4B-B298-D7FA47A13CF5}"
EndProject
Project("{2150E333-8FDC-42A3-9474-1A3956D46DE8}") = "Day 7", "Day 7", "{1EECC44C-3081-44F6-A7B6-3EC304A422BE}"
EndProject
Project("{FAE04EC0-301F-11D3-BF4B-00C04F79EFBC}") = "Broadcaster", "Week 2\Day 7\Broadcaster\Broadcaster.csproj", "{CB067840-3BB9-45A8-BFCE-8D957BABFA78}"
EndProject
Project("{FAE04EC0-301F-11D3-BF4B-00C04F79EFBC}") = "Day 7", "Week 2\Day 7\Library Simulation\Day 7.csproj", "{837342DE-0DE2-4822-8BDC-3272E07FD099}"
EndProject
Project("{FAE04EC0-301F-11D3-BF4B-00C04F79EFBC}") = "Day 8", "Week 2\Day 8\Day 8.csproj", "{CF2F318A-47A8-4FAB-8879-CA87E6DB9402}"
EndProject
Project("{2150E333-8FDC-42A3-9474-1A3956D46DE8}") = "Day 9", "Day 9", "{75234C1F-00CF-447C-83A0-49EB73778F1C}"
EndProject
Project("{FAE04EC0-301F-11D3-BF4B-00C04F79EFBC}") = "Broadcaster", "Week 2\Day 9\Broadcaster With Time\Broadcaster.csproj", "{6B28108F-9C3A-44D3-A351-E4595E036ECF}"
EndProject
Project("{FAE04EC0-301F-11D3-BF4B-00C04F79EFBC}") = "Day 9", "Week 2\Day 9\Car Dealer\Day 9.csproj", "{A0022E2B-7267-48C3-B79F-29F79A5E047F}"
EndProject
Project("{FAE04EC0-301F-11D3-BF4B-00C04F79EFBC}") = "String, Number, and Data Handling", "Week 2\Day 9\String, Number, and Data Handling\String, Number, and Data Handling.csproj", "{BE75DD2E-8DE0-4AC2-9B6E-322D3D0ABB2F}"
EndProject
Project("{FAE04EC0-301F-11D3-BF4B-00C04F79EFBC}") = "CarDealer", "Week 2\Day 9\Car Dealer\CarDealer.csproj", "{F0A84E7E-63C5-40DC-8EF2-62AEB86AE0D5}"
EndProject
Project("{2150E333-8FDC-42A3-9474-1A3956D46DE8}") = "Week 3", "Week 3", "{EA9F8D1C-5374-4E89-B846-540F8EA2FF36}"
EndProject
Project("{2150E333-8FDC-42A3-9474-1A3956D46DE8}") = "Day 10", "Day 10", "{84094329-29D5-4FC1-9771-47E27E737EC5}"
EndProject
Project("{FAE04EC0-301F-11D3-BF4B-00C04F79EFBC}") = "Day 10", "Week 3\Day 10\Array\Day 10.csproj", "{7330FDF4-A461-4446-9141-551198745014}"
EndProject
Project("{FAE04EC0-301F-11D3-BF4B-00C04F79EFBC}") = "HashSets", "Week 3\Day 10\HashSets\HashSets.csproj", "{2F9DD7FF-8F79-4868-A245-BAF1A89B830E}"
EndProject
Project("{FAE04EC0-301F-11D3-BF4B-00C04F79EFBC}") = "List", "Week 3\Day 10\List\List.csproj", "{24497182-91C5-41C8-BF42-87DE6DA0A666}"
EndProject
Project("{2150E333-8FDC-42A3-9474-1A3956D46DE8}") = "Day 11", "Day 11", "{6A070192-EF7C-4C3B-BF1F-D3511D310B84}"
EndProject
Project("{FAE04EC0-301F-11D3-BF4B-00C04F79EFBC}") = "Battle simulator", "Week 3\Day 11\Battle simulator\Battle simulator.csproj", "{51898FF0-0F26-467E-944E-E73115463D1B}"
EndProject
Project("{FAE04EC0-301F-11D3-BF4B-00C04F79EFBC}") = "Day 11", "Week 3\Day 11\Class inside list\Day 11.csproj", "{C164A24D-104B-444F-90A1-65C12D627575}"
EndProject
Project("{FAE04EC0-301F-11D3-BF4B-00C04F79EFBC}") = "Stack and Queue", "Week 3\Day 11\Stack and Queue\Stack and Queue.csproj", "{4FE110FF-EAD4-4E70-9BA1-D55E38C7ED1C}"
EndProject
Project("{2150E333-8FDC-42A3-9474-1A3956D46DE8}") = "Week 4", "Week 4", "{DA6F0592-0058-46D5-9665-6E5EB3CBB1B4}"
	ProjectSection(SolutionItems) = preProject
	EndProjectSection
EndProject
Project("{FAE04EC0-301F-11D3-BF4B-00C04F79EFBC}") = "Day 17", "Week 4\Day 17\Day 17.csproj", "{3DB35C4D-D08D-42DB-AB19-4E777AE584F8}"
EndProject
Project("{2150E333-8FDC-42A3-9474-1A3956D46DE8}") = "Week 5", "Week 5", "{718E23B4-B358-4C9F-A2F9-56CA23406649}"
EndProject
Project("{2150E333-8FDC-42A3-9474-1A3956D46DE8}") = "Day 19", "Day 19", "{CC574F07-506E-46C0-8202-DC5AFBA896D4}"
EndProject
Project("{FAE04EC0-301F-11D3-BF4B-00C04F79EFBC}") = "Conditional Compilation", "Week 5\Day 19\Conditional Compilation\Conditional Compilation.csproj", "{082D111B-772B-4275-B2C6-8F39F64B3314}"
EndProject
Project("{FAE04EC0-301F-11D3-BF4B-00C04F79EFBC}") = "Debug and Trace", "Week 5\Day 19\Debug and Trace\Debug and Trace.csproj", "{37F18BF2-F30E-4EE7-BA5C-85C5B72BC94F}"
EndProject
Project("{FAE04EC0-301F-11D3-BF4B-00C04F79EFBC}") = "Hot Reload", "Week 5\Day 19\Hot Reload\Hot Reload.csproj", "{68A18615-E93D-4BDC-8138-D4433A3A83BA}"
EndProject
Project("{2150E333-8FDC-42A3-9474-1A3956D46DE8}") = "Day 20", "Day 20", "{739C1E8C-FEA2-4E99-8CF6-B719F12938DE}"
EndProject
Project("{FAE04EC0-301F-11D3-BF4B-00C04F79EFBC}") = "Another Async Await", "Week 5\Day 20\Another Async Await\Another Async Await.csproj", "{542A9274-D7BA-4F02-974E-80EB4B9098CA}"
EndProject
Project("{FAE04EC0-301F-11D3-BF4B-00C04F79EFBC}") = "Async Await", "Week 5\Day 20\Async Await\Async Await.csproj", "{59EE242F-CC47-4661-8008-A5F2AC0DD6F8}"
EndProject
Project("{FAE04EC0-301F-11D3-BF4B-00C04F79EFBC}") = "Task", "Week 5\Day 20\Task\Task.csproj", "{7AC72196-F243-4C81-A879-72D3D43DE802}"
EndProject
Project("{FAE04EC0-301F-11D3-BF4B-00C04F79EFBC}") = "Thread", "Week 5\Day 20\Thread\Thread.csproj", "{D726A999-C984-469F-A974-4B917FD709FC}"
EndProject
Project("{2150E333-8FDC-42A3-9474-1A3956D46DE8}") = "Day 21", "Day 21", "{F9823E63-7DFE-4A36-A9F2-A473AA41EF64}"
EndProject
Project("{FAE04EC0-301F-11D3-BF4B-00C04F79EFBC}") = "Cancellation Token", "Week 5\Day 21\Cancellation Token\Cancellation Token.csproj", "{6F968203-3DA9-4296-86A0-3EBFB4ED0215}"
EndProject
Project("{FAE04EC0-301F-11D3-BF4B-00C04F79EFBC}") = "Deadlock", "Week 5\Day 21\Deadlock\Deadlock.csproj", "{8AC738F6-8795-4087-82AD-2C994C5F0F26}"
EndProject
Project("{2150E333-8FDC-42A3-9474-1A3956D46DE8}") = "Race Condition", "Race Condition", "{F7B5EE23-2B77-478F-BFF6-7D46BEACD7BB}"
EndProject
Project("{FAE04EC0-301F-11D3-BF4B-00C04F79EFBC}") = "Auto Reset Event", "Week 5\Day 21\Race Condition\Auto Reset Event\Auto Reset Event.csproj", "{F23F856E-9369-444D-8AAE-C29A146DFE1C}"
EndProject
Project("{FAE04EC0-301F-11D3-BF4B-00C04F79EFBC}") = "Semaphore", "Week 5\Day 21\Race Condition\Semaphore\Semaphore.csproj", "{FFE1A9F9-3ECA-4204-B6AB-20F087ADB806}"
EndProject
Project("{2150E333-8FDC-42A3-9474-1A3956D46DE8}") = "Day 22", "Day 22", "{54FCB454-2A90-4055-8F29-EA2ACC2F65E2}"
EndProject
Project("{FAE04EC0-301F-11D3-BF4B-00C04F79EFBC}") = "File on stream", "Week 5\Day 22\File on stream\File on stream.csproj", "{D0865C6E-55D4-4724-A43E-3C61E29AA43C}"
EndProject
Project("{FAE04EC0-301F-11D3-BF4B-00C04F79EFBC}") = "StreamWriter and StreamReader", "Week 5\Day 22\StreamWriter and StreamReader\StreamWriter and StreamReader.csproj", "{5EAA2243-76E8-498E-B6AB-02EA1F28140F}"
EndProject
Project("{FAE04EC0-301F-11D3-BF4B-00C04F79EFBC}") = "StreamWriter using Task", "Week 5\Day 22\StreamWriter using Task\StreamWriter using Task.csproj", "{49383834-28D8-4920-A184-F4EE8507572D}"
EndProject
Project("{2150E333-8FDC-42A3-9474-1A3956D46DE8}") = "Week 6", "Week 6", "{EA7D93EE-41ED-47AA-BB80-0C20F8A8334A}"
EndProject
Project("{2150E333-8FDC-42A3-9474-1A3956D46DE8}") = "Day 25", "Day 25", "{8B5749EA-5756-4CE6-B23A-E1EB671FA3DD}"
EndProject
Project("{FAE04EC0-301F-11D3-BF4B-00C04F79EFBC}") = "NUnitTest", "Week 6\Day 25\NUnitTest.csproj", "{6132C51F-3660-46FF-A79C-CA8221CF6C94}"
EndProject
Project("{FAE04EC0-301F-11D3-BF4B-00C04F79EFBC}") = "NUnit", "Week 6\Day 25\NUnit\NUnit.csproj", "{86E9EC65-000C-4613-902A-2C3E3AEB1F9D}"
EndProject
Project("{FAE04EC0-301F-11D3-BF4B-00C04F79EFBC}") = "NUnit.Test", "NUnit.Test\NUnit.Test.csproj", "{77D391EB-AC0B-43F4-BF13-BE2FD4F498AC}"
EndProject
Project("{FAE04EC0-301F-11D3-BF4B-00C04F79EFBC}") = "NUnit.Test", "Week 6\Day 25\NUnit.Test\NUnit.Test.csproj", "{92F4D4B1-781D-42E7-B0CE-C025AD54ED2F}"
EndProject
Global
	GlobalSection(SolutionConfigurationPlatforms) = preSolution
		Debug|Any CPU = Debug|Any CPU
		Release|Any CPU = Release|Any CPU
	EndGlobalSection
	GlobalSection(SolutionProperties) = preSolution
		HideSolutionNode = FALSE
	EndGlobalSection
	GlobalSection(ProjectConfigurationPlatforms) = postSolution
		{21858D87-E62A-49C0-852F-BA3BC7D4BE53}.Debug|Any CPU.ActiveCfg = Debug|Any CPU
		{21858D87-E62A-49C0-852F-BA3BC7D4BE53}.Debug|Any CPU.Build.0 = Debug|Any CPU
		{21858D87-E62A-49C0-852F-BA3BC7D4BE53}.Release|Any CPU.ActiveCfg = Release|Any CPU
		{21858D87-E62A-49C0-852F-BA3BC7D4BE53}.Release|Any CPU.Build.0 = Release|Any CPU
		{AFBBDEF4-F03B-4EAD-BA72-45A1C3398161}.Debug|Any CPU.ActiveCfg = Debug|Any CPU
		{AFBBDEF4-F03B-4EAD-BA72-45A1C3398161}.Debug|Any CPU.Build.0 = Debug|Any CPU
		{AFBBDEF4-F03B-4EAD-BA72-45A1C3398161}.Release|Any CPU.ActiveCfg = Release|Any CPU
		{AFBBDEF4-F03B-4EAD-BA72-45A1C3398161}.Release|Any CPU.Build.0 = Release|Any CPU
		{70DEFED8-695B-4356-9AEB-7CA574847FAC}.Debug|Any CPU.ActiveCfg = Debug|Any CPU
		{70DEFED8-695B-4356-9AEB-7CA574847FAC}.Debug|Any CPU.Build.0 = Debug|Any CPU
		{70DEFED8-695B-4356-9AEB-7CA574847FAC}.Release|Any CPU.ActiveCfg = Release|Any CPU
		{70DEFED8-695B-4356-9AEB-7CA574847FAC}.Release|Any CPU.Build.0 = Release|Any CPU
		{A23608C0-D699-466A-8689-9A5C69311CBD}.Debug|Any CPU.ActiveCfg = Debug|Any CPU
		{A23608C0-D699-466A-8689-9A5C69311CBD}.Debug|Any CPU.Build.0 = Debug|Any CPU
		{A23608C0-D699-466A-8689-9A5C69311CBD}.Release|Any CPU.ActiveCfg = Release|Any CPU
		{A23608C0-D699-466A-8689-9A5C69311CBD}.Release|Any CPU.Build.0 = Release|Any CPU
		{6346070A-5456-4E52-A2EF-B7C3E18668FB}.Debug|Any CPU.ActiveCfg = Debug|Any CPU
		{6346070A-5456-4E52-A2EF-B7C3E18668FB}.Debug|Any CPU.Build.0 = Debug|Any CPU
		{6346070A-5456-4E52-A2EF-B7C3E18668FB}.Release|Any CPU.ActiveCfg = Release|Any CPU
		{6346070A-5456-4E52-A2EF-B7C3E18668FB}.Release|Any CPU.Build.0 = Release|Any CPU
		{7D1B086D-3936-4AD1-B233-93188EAF030F}.Debug|Any CPU.ActiveCfg = Debug|Any CPU
		{7D1B086D-3936-4AD1-B233-93188EAF030F}.Debug|Any CPU.Build.0 = Debug|Any CPU
		{7D1B086D-3936-4AD1-B233-93188EAF030F}.Release|Any CPU.ActiveCfg = Release|Any CPU
		{7D1B086D-3936-4AD1-B233-93188EAF030F}.Release|Any CPU.Build.0 = Release|Any CPU
		{F1436266-92CB-4AD6-9846-FE80A996F9DC}.Debug|Any CPU.ActiveCfg = Debug|Any CPU
		{F1436266-92CB-4AD6-9846-FE80A996F9DC}.Debug|Any CPU.Build.0 = Debug|Any CPU
		{F1436266-92CB-4AD6-9846-FE80A996F9DC}.Release|Any CPU.ActiveCfg = Release|Any CPU
		{F1436266-92CB-4AD6-9846-FE80A996F9DC}.Release|Any CPU.Build.0 = Release|Any CPU
		{275B1C92-5CF8-47F4-9938-34EF2B5A09AF}.Debug|Any CPU.ActiveCfg = Debug|Any CPU
		{275B1C92-5CF8-47F4-9938-34EF2B5A09AF}.Debug|Any CPU.Build.0 = Debug|Any CPU
		{275B1C92-5CF8-47F4-9938-34EF2B5A09AF}.Release|Any CPU.ActiveCfg = Release|Any CPU
		{275B1C92-5CF8-47F4-9938-34EF2B5A09AF}.Release|Any CPU.Build.0 = Release|Any CPU
		{A1FC7DB4-7955-4936-AF89-75BADA2D2A04}.Debug|Any CPU.ActiveCfg = Debug|Any CPU
		{A1FC7DB4-7955-4936-AF89-75BADA2D2A04}.Debug|Any CPU.Build.0 = Debug|Any CPU
		{A1FC7DB4-7955-4936-AF89-75BADA2D2A04}.Release|Any CPU.ActiveCfg = Release|Any CPU
		{A1FC7DB4-7955-4936-AF89-75BADA2D2A04}.Release|Any CPU.Build.0 = Release|Any CPU
		{C5FD9687-44A6-4DED-A84E-AE015A54530D}.Debug|Any CPU.ActiveCfg = Debug|Any CPU
		{C5FD9687-44A6-4DED-A84E-AE015A54530D}.Debug|Any CPU.Build.0 = Debug|Any CPU
		{C5FD9687-44A6-4DED-A84E-AE015A54530D}.Release|Any CPU.ActiveCfg = Release|Any CPU
		{C5FD9687-44A6-4DED-A84E-AE015A54530D}.Release|Any CPU.Build.0 = Release|Any CPU
		{1C5C310E-5742-4ECE-A637-962035E90FBF}.Debug|Any CPU.ActiveCfg = Debug|Any CPU
		{1C5C310E-5742-4ECE-A637-962035E90FBF}.Debug|Any CPU.Build.0 = Debug|Any CPU
		{1C5C310E-5742-4ECE-A637-962035E90FBF}.Release|Any CPU.ActiveCfg = Release|Any CPU
		{1C5C310E-5742-4ECE-A637-962035E90FBF}.Release|Any CPU.Build.0 = Release|Any CPU
		{744F5284-9B92-4F89-9D92-0E77D0BDA486}.Debug|Any CPU.ActiveCfg = Debug|Any CPU
		{744F5284-9B92-4F89-9D92-0E77D0BDA486}.Debug|Any CPU.Build.0 = Debug|Any CPU
		{744F5284-9B92-4F89-9D92-0E77D0BDA486}.Release|Any CPU.ActiveCfg = Release|Any CPU
		{744F5284-9B92-4F89-9D92-0E77D0BDA486}.Release|Any CPU.Build.0 = Release|Any CPU
		{984AAABB-EA2F-4654-8178-27EF03015163}.Debug|Any CPU.ActiveCfg = Debug|Any CPU
		{984AAABB-EA2F-4654-8178-27EF03015163}.Debug|Any CPU.Build.0 = Debug|Any CPU
		{984AAABB-EA2F-4654-8178-27EF03015163}.Release|Any CPU.ActiveCfg = Release|Any CPU
		{984AAABB-EA2F-4654-8178-27EF03015163}.Release|Any CPU.Build.0 = Release|Any CPU
		{1C3BA798-F415-4149-B7DC-655BCE32FEBF}.Debug|Any CPU.ActiveCfg = Debug|Any CPU
		{1C3BA798-F415-4149-B7DC-655BCE32FEBF}.Debug|Any CPU.Build.0 = Debug|Any CPU
		{1C3BA798-F415-4149-B7DC-655BCE32FEBF}.Release|Any CPU.ActiveCfg = Release|Any CPU
		{1C3BA798-F415-4149-B7DC-655BCE32FEBF}.Release|Any CPU.Build.0 = Release|Any CPU
		{E0FF166D-7D69-41E9-BC93-CBF4C25C50AC}.Debug|Any CPU.ActiveCfg = Debug|Any CPU
		{E0FF166D-7D69-41E9-BC93-CBF4C25C50AC}.Debug|Any CPU.Build.0 = Debug|Any CPU
		{E0FF166D-7D69-41E9-BC93-CBF4C25C50AC}.Release|Any CPU.ActiveCfg = Release|Any CPU
		{E0FF166D-7D69-41E9-BC93-CBF4C25C50AC}.Release|Any CPU.Build.0 = Release|Any CPU
		{6333DA9D-BE00-4CBE-B7DF-01E51887F75F}.Debug|Any CPU.ActiveCfg = Debug|Any CPU
		{6333DA9D-BE00-4CBE-B7DF-01E51887F75F}.Debug|Any CPU.Build.0 = Debug|Any CPU
		{6333DA9D-BE00-4CBE-B7DF-01E51887F75F}.Release|Any CPU.ActiveCfg = Release|Any CPU
		{6333DA9D-BE00-4CBE-B7DF-01E51887F75F}.Release|Any CPU.Build.0 = Release|Any CPU
		{0608F135-7DBE-4E9B-A933-F5FA50CF20C6}.Debug|Any CPU.ActiveCfg = Debug|Any CPU
		{0608F135-7DBE-4E9B-A933-F5FA50CF20C6}.Debug|Any CPU.Build.0 = Debug|Any CPU
		{0608F135-7DBE-4E9B-A933-F5FA50CF20C6}.Release|Any CPU.ActiveCfg = Release|Any CPU
		{0608F135-7DBE-4E9B-A933-F5FA50CF20C6}.Release|Any CPU.Build.0 = Release|Any CPU
		{938F59A9-5D80-49CE-B72D-4C53CB1A022D}.Debug|Any CPU.ActiveCfg = Debug|Any CPU
		{938F59A9-5D80-49CE-B72D-4C53CB1A022D}.Debug|Any CPU.Build.0 = Debug|Any CPU
		{938F59A9-5D80-49CE-B72D-4C53CB1A022D}.Release|Any CPU.ActiveCfg = Release|Any CPU
		{938F59A9-5D80-49CE-B72D-4C53CB1A022D}.Release|Any CPU.Build.0 = Release|Any CPU
		{EAE522FE-53CE-4F80-B32F-3F1834BC034D}.Debug|Any CPU.ActiveCfg = Debug|Any CPU
		{EAE522FE-53CE-4F80-B32F-3F1834BC034D}.Debug|Any CPU.Build.0 = Debug|Any CPU
		{EAE522FE-53CE-4F80-B32F-3F1834BC034D}.Release|Any CPU.ActiveCfg = Release|Any CPU
		{EAE522FE-53CE-4F80-B32F-3F1834BC034D}.Release|Any CPU.Build.0 = Release|Any CPU
		{DE4213DD-7693-405E-8C96-C5932CA04452}.Debug|Any CPU.ActiveCfg = Debug|Any CPU
		{DE4213DD-7693-405E-8C96-C5932CA04452}.Debug|Any CPU.Build.0 = Debug|Any CPU
		{DE4213DD-7693-405E-8C96-C5932CA04452}.Release|Any CPU.ActiveCfg = Release|Any CPU
		{DE4213DD-7693-405E-8C96-C5932CA04452}.Release|Any CPU.Build.0 = Release|Any CPU
		{CF0A6E7D-0401-4385-A21F-88DBC8C793AF}.Debug|Any CPU.ActiveCfg = Debug|Any CPU
		{CF0A6E7D-0401-4385-A21F-88DBC8C793AF}.Debug|Any CPU.Build.0 = Debug|Any CPU
		{CF0A6E7D-0401-4385-A21F-88DBC8C793AF}.Release|Any CPU.ActiveCfg = Release|Any CPU
		{CF0A6E7D-0401-4385-A21F-88DBC8C793AF}.Release|Any CPU.Build.0 = Release|Any CPU
		{CF59B541-DF90-4CA9-B74C-49FDC2DC727B}.Debug|Any CPU.ActiveCfg = Debug|Any CPU
		{CF59B541-DF90-4CA9-B74C-49FDC2DC727B}.Debug|Any CPU.Build.0 = Debug|Any CPU
		{CF59B541-DF90-4CA9-B74C-49FDC2DC727B}.Release|Any CPU.ActiveCfg = Release|Any CPU
		{CF59B541-DF90-4CA9-B74C-49FDC2DC727B}.Release|Any CPU.Build.0 = Release|Any CPU
		{6D77573A-708F-4A4B-B298-D7FA47A13CF5}.Debug|Any CPU.ActiveCfg = Debug|Any CPU
		{6D77573A-708F-4A4B-B298-D7FA47A13CF5}.Debug|Any CPU.Build.0 = Debug|Any CPU
		{6D77573A-708F-4A4B-B298-D7FA47A13CF5}.Release|Any CPU.ActiveCfg = Release|Any CPU
		{6D77573A-708F-4A4B-B298-D7FA47A13CF5}.Release|Any CPU.Build.0 = Release|Any CPU
		{CB067840-3BB9-45A8-BFCE-8D957BABFA78}.Debug|Any CPU.ActiveCfg = Debug|Any CPU
		{CB067840-3BB9-45A8-BFCE-8D957BABFA78}.Debug|Any CPU.Build.0 = Debug|Any CPU
		{CB067840-3BB9-45A8-BFCE-8D957BABFA78}.Release|Any CPU.ActiveCfg = Release|Any CPU
		{CB067840-3BB9-45A8-BFCE-8D957BABFA78}.Release|Any CPU.Build.0 = Release|Any CPU
		{837342DE-0DE2-4822-8BDC-3272E07FD099}.Debug|Any CPU.ActiveCfg = Debug|Any CPU
		{837342DE-0DE2-4822-8BDC-3272E07FD099}.Debug|Any CPU.Build.0 = Debug|Any CPU
		{837342DE-0DE2-4822-8BDC-3272E07FD099}.Release|Any CPU.ActiveCfg = Release|Any CPU
		{837342DE-0DE2-4822-8BDC-3272E07FD099}.Release|Any CPU.Build.0 = Release|Any CPU
		{CF2F318A-47A8-4FAB-8879-CA87E6DB9402}.Debug|Any CPU.ActiveCfg = Debug|Any CPU
		{CF2F318A-47A8-4FAB-8879-CA87E6DB9402}.Debug|Any CPU.Build.0 = Debug|Any CPU
		{CF2F318A-47A8-4FAB-8879-CA87E6DB9402}.Release|Any CPU.ActiveCfg = Release|Any CPU
		{CF2F318A-47A8-4FAB-8879-CA87E6DB9402}.Release|Any CPU.Build.0 = Release|Any CPU
		{6B28108F-9C3A-44D3-A351-E4595E036ECF}.Debug|Any CPU.ActiveCfg = Debug|Any CPU
		{6B28108F-9C3A-44D3-A351-E4595E036ECF}.Debug|Any CPU.Build.0 = Debug|Any CPU
		{6B28108F-9C3A-44D3-A351-E4595E036ECF}.Release|Any CPU.ActiveCfg = Release|Any CPU
		{6B28108F-9C3A-44D3-A351-E4595E036ECF}.Release|Any CPU.Build.0 = Release|Any CPU
		{A0022E2B-7267-48C3-B79F-29F79A5E047F}.Debug|Any CPU.ActiveCfg = Debug|Any CPU
		{A0022E2B-7267-48C3-B79F-29F79A5E047F}.Debug|Any CPU.Build.0 = Debug|Any CPU
		{A0022E2B-7267-48C3-B79F-29F79A5E047F}.Release|Any CPU.ActiveCfg = Release|Any CPU
		{A0022E2B-7267-48C3-B79F-29F79A5E047F}.Release|Any CPU.Build.0 = Release|Any CPU
		{BE75DD2E-8DE0-4AC2-9B6E-322D3D0ABB2F}.Debug|Any CPU.ActiveCfg = Debug|Any CPU
		{BE75DD2E-8DE0-4AC2-9B6E-322D3D0ABB2F}.Debug|Any CPU.Build.0 = Debug|Any CPU
		{BE75DD2E-8DE0-4AC2-9B6E-322D3D0ABB2F}.Release|Any CPU.ActiveCfg = Release|Any CPU
		{BE75DD2E-8DE0-4AC2-9B6E-322D3D0ABB2F}.Release|Any CPU.Build.0 = Release|Any CPU
		{F0A84E7E-63C5-40DC-8EF2-62AEB86AE0D5}.Debug|Any CPU.ActiveCfg = Debug|Any CPU
		{F0A84E7E-63C5-40DC-8EF2-62AEB86AE0D5}.Debug|Any CPU.Build.0 = Debug|Any CPU
		{F0A84E7E-63C5-40DC-8EF2-62AEB86AE0D5}.Release|Any CPU.ActiveCfg = Release|Any CPU
		{F0A84E7E-63C5-40DC-8EF2-62AEB86AE0D5}.Release|Any CPU.Build.0 = Release|Any CPU
		{7330FDF4-A461-4446-9141-551198745014}.Debug|Any CPU.ActiveCfg = Debug|Any CPU
		{7330FDF4-A461-4446-9141-551198745014}.Debug|Any CPU.Build.0 = Debug|Any CPU
		{7330FDF4-A461-4446-9141-551198745014}.Release|Any CPU.ActiveCfg = Release|Any CPU
		{7330FDF4-A461-4446-9141-551198745014}.Release|Any CPU.Build.0 = Release|Any CPU
		{2F9DD7FF-8F79-4868-A245-BAF1A89B830E}.Debug|Any CPU.ActiveCfg = Debug|Any CPU
		{2F9DD7FF-8F79-4868-A245-BAF1A89B830E}.Debug|Any CPU.Build.0 = Debug|Any CPU
		{2F9DD7FF-8F79-4868-A245-BAF1A89B830E}.Release|Any CPU.ActiveCfg = Release|Any CPU
		{2F9DD7FF-8F79-4868-A245-BAF1A89B830E}.Release|Any CPU.Build.0 = Release|Any CPU
		{24497182-91C5-41C8-BF42-87DE6DA0A666}.Debug|Any CPU.ActiveCfg = Debug|Any CPU
		{24497182-91C5-41C8-BF42-87DE6DA0A666}.Debug|Any CPU.Build.0 = Debug|Any CPU
		{24497182-91C5-41C8-BF42-87DE6DA0A666}.Release|Any CPU.ActiveCfg = Release|Any CPU
		{24497182-91C5-41C8-BF42-87DE6DA0A666}.Release|Any CPU.Build.0 = Release|Any CPU
		{51898FF0-0F26-467E-944E-E73115463D1B}.Debug|Any CPU.ActiveCfg = Debug|Any CPU
		{51898FF0-0F26-467E-944E-E73115463D1B}.Debug|Any CPU.Build.0 = Debug|Any CPU
		{51898FF0-0F26-467E-944E-E73115463D1B}.Release|Any CPU.ActiveCfg = Release|Any CPU
		{51898FF0-0F26-467E-944E-E73115463D1B}.Release|Any CPU.Build.0 = Release|Any CPU
		{C164A24D-104B-444F-90A1-65C12D627575}.Debug|Any CPU.ActiveCfg = Debug|Any CPU
		{C164A24D-104B-444F-90A1-65C12D627575}.Debug|Any CPU.Build.0 = Debug|Any CPU
		{C164A24D-104B-444F-90A1-65C12D627575}.Release|Any CPU.ActiveCfg = Release|Any CPU
		{C164A24D-104B-444F-90A1-65C12D627575}.Release|Any CPU.Build.0 = Release|Any CPU
		{4FE110FF-EAD4-4E70-9BA1-D55E38C7ED1C}.Debug|Any CPU.ActiveCfg = Debug|Any CPU
		{4FE110FF-EAD4-4E70-9BA1-D55E38C7ED1C}.Debug|Any CPU.Build.0 = Debug|Any CPU
		{4FE110FF-EAD4-4E70-9BA1-D55E38C7ED1C}.Release|Any CPU.ActiveCfg = Release|Any CPU
		{4FE110FF-EAD4-4E70-9BA1-D55E38C7ED1C}.Release|Any CPU.Build.0 = Release|Any CPU
		{3DB35C4D-D08D-42DB-AB19-4E777AE584F8}.Debug|Any CPU.ActiveCfg = Debug|Any CPU
		{3DB35C4D-D08D-42DB-AB19-4E777AE584F8}.Debug|Any CPU.Build.0 = Debug|Any CPU
		{3DB35C4D-D08D-42DB-AB19-4E777AE584F8}.Release|Any CPU.ActiveCfg = Release|Any CPU
		{3DB35C4D-D08D-42DB-AB19-4E777AE584F8}.Release|Any CPU.Build.0 = Release|Any CPU
		{082D111B-772B-4275-B2C6-8F39F64B3314}.Debug|Any CPU.ActiveCfg = Debug|Any CPU
		{082D111B-772B-4275-B2C6-8F39F64B3314}.Debug|Any CPU.Build.0 = Debug|Any CPU
		{082D111B-772B-4275-B2C6-8F39F64B3314}.Release|Any CPU.ActiveCfg = Release|Any CPU
		{082D111B-772B-4275-B2C6-8F39F64B3314}.Release|Any CPU.Build.0 = Release|Any CPU
		{37F18BF2-F30E-4EE7-BA5C-85C5B72BC94F}.Debug|Any CPU.ActiveCfg = Debug|Any CPU
		{37F18BF2-F30E-4EE7-BA5C-85C5B72BC94F}.Debug|Any CPU.Build.0 = Debug|Any CPU
		{37F18BF2-F30E-4EE7-BA5C-85C5B72BC94F}.Release|Any CPU.ActiveCfg = Release|Any CPU
		{37F18BF2-F30E-4EE7-BA5C-85C5B72BC94F}.Release|Any CPU.Build.0 = Release|Any CPU
		{68A18615-E93D-4BDC-8138-D4433A3A83BA}.Debug|Any CPU.ActiveCfg = Debug|Any CPU
		{68A18615-E93D-4BDC-8138-D4433A3A83BA}.Debug|Any CPU.Build.0 = Debug|Any CPU
		{68A18615-E93D-4BDC-8138-D4433A3A83BA}.Release|Any CPU.ActiveCfg = Release|Any CPU
		{68A18615-E93D-4BDC-8138-D4433A3A83BA}.Release|Any CPU.Build.0 = Release|Any CPU
		{542A9274-D7BA-4F02-974E-80EB4B9098CA}.Debug|Any CPU.ActiveCfg = Debug|Any CPU
		{542A9274-D7BA-4F02-974E-80EB4B9098CA}.Debug|Any CPU.Build.0 = Debug|Any CPU
		{542A9274-D7BA-4F02-974E-80EB4B9098CA}.Release|Any CPU.ActiveCfg = Release|Any CPU
		{542A9274-D7BA-4F02-974E-80EB4B9098CA}.Release|Any CPU.Build.0 = Release|Any CPU
		{59EE242F-CC47-4661-8008-A5F2AC0DD6F8}.Debug|Any CPU.ActiveCfg = Debug|Any CPU
		{59EE242F-CC47-4661-8008-A5F2AC0DD6F8}.Debug|Any CPU.Build.0 = Debug|Any CPU
		{59EE242F-CC47-4661-8008-A5F2AC0DD6F8}.Release|Any CPU.ActiveCfg = Release|Any CPU
		{59EE242F-CC47-4661-8008-A5F2AC0DD6F8}.Release|Any CPU.Build.0 = Release|Any CPU
		{7AC72196-F243-4C81-A879-72D3D43DE802}.Debug|Any CPU.ActiveCfg = Debug|Any CPU
		{7AC72196-F243-4C81-A879-72D3D43DE802}.Debug|Any CPU.Build.0 = Debug|Any CPU
		{7AC72196-F243-4C81-A879-72D3D43DE802}.Release|Any CPU.ActiveCfg = Release|Any CPU
		{7AC72196-F243-4C81-A879-72D3D43DE802}.Release|Any CPU.Build.0 = Release|Any CPU
		{D726A999-C984-469F-A974-4B917FD709FC}.Debug|Any CPU.ActiveCfg = Debug|Any CPU
		{D726A999-C984-469F-A974-4B917FD709FC}.Debug|Any CPU.Build.0 = Debug|Any CPU
		{D726A999-C984-469F-A974-4B917FD709FC}.Release|Any CPU.ActiveCfg = Release|Any CPU
		{D726A999-C984-469F-A974-4B917FD709FC}.Release|Any CPU.Build.0 = Release|Any CPU
		{6F968203-3DA9-4296-86A0-3EBFB4ED0215}.Debug|Any CPU.ActiveCfg = Debug|Any CPU
		{6F968203-3DA9-4296-86A0-3EBFB4ED0215}.Debug|Any CPU.Build.0 = Debug|Any CPU
		{6F968203-3DA9-4296-86A0-3EBFB4ED0215}.Release|Any CPU.ActiveCfg = Release|Any CPU
		{6F968203-3DA9-4296-86A0-3EBFB4ED0215}.Release|Any CPU.Build.0 = Release|Any CPU
		{8AC738F6-8795-4087-82AD-2C994C5F0F26}.Debug|Any CPU.ActiveCfg = Debug|Any CPU
		{8AC738F6-8795-4087-82AD-2C994C5F0F26}.Debug|Any CPU.Build.0 = Debug|Any CPU
		{8AC738F6-8795-4087-82AD-2C994C5F0F26}.Release|Any CPU.ActiveCfg = Release|Any CPU
		{8AC738F6-8795-4087-82AD-2C994C5F0F26}.Release|Any CPU.Build.0 = Release|Any CPU
		{F23F856E-9369-444D-8AAE-C29A146DFE1C}.Debug|Any CPU.ActiveCfg = Debug|Any CPU
		{F23F856E-9369-444D-8AAE-C29A146DFE1C}.Debug|Any CPU.Build.0 = Debug|Any CPU
		{F23F856E-9369-444D-8AAE-C29A146DFE1C}.Release|Any CPU.ActiveCfg = Release|Any CPU
		{F23F856E-9369-444D-8AAE-C29A146DFE1C}.Release|Any CPU.Build.0 = Release|Any CPU
		{FFE1A9F9-3ECA-4204-B6AB-20F087ADB806}.Debug|Any CPU.ActiveCfg = Debug|Any CPU
		{FFE1A9F9-3ECA-4204-B6AB-20F087ADB806}.Debug|Any CPU.Build.0 = Debug|Any CPU
		{FFE1A9F9-3ECA-4204-B6AB-20F087ADB806}.Release|Any CPU.ActiveCfg = Release|Any CPU
		{FFE1A9F9-3ECA-4204-B6AB-20F087ADB806}.Release|Any CPU.Build.0 = Release|Any CPU
		{D0865C6E-55D4-4724-A43E-3C61E29AA43C}.Debug|Any CPU.ActiveCfg = Debug|Any CPU
		{D0865C6E-55D4-4724-A43E-3C61E29AA43C}.Debug|Any CPU.Build.0 = Debug|Any CPU
		{D0865C6E-55D4-4724-A43E-3C61E29AA43C}.Release|Any CPU.ActiveCfg = Release|Any CPU
		{D0865C6E-55D4-4724-A43E-3C61E29AA43C}.Release|Any CPU.Build.0 = Release|Any CPU
		{5EAA2243-76E8-498E-B6AB-02EA1F28140F}.Debug|Any CPU.ActiveCfg = Debug|Any CPU
		{5EAA2243-76E8-498E-B6AB-02EA1F28140F}.Debug|Any CPU.Build.0 = Debug|Any CPU
		{5EAA2243-76E8-498E-B6AB-02EA1F28140F}.Release|Any CPU.ActiveCfg = Release|Any CPU
		{5EAA2243-76E8-498E-B6AB-02EA1F28140F}.Release|Any CPU.Build.0 = Release|Any CPU
		{49383834-28D8-4920-A184-F4EE8507572D}.Debug|Any CPU.ActiveCfg = Debug|Any CPU
		{49383834-28D8-4920-A184-F4EE8507572D}.Debug|Any CPU.Build.0 = Debug|Any CPU
		{49383834-28D8-4920-A184-F4EE8507572D}.Release|Any CPU.ActiveCfg = Release|Any CPU
		{49383834-28D8-4920-A184-F4EE8507572D}.Release|Any CPU.Build.0 = Release|Any CPU
		{6132C51F-3660-46FF-A79C-CA8221CF6C94}.Debug|Any CPU.ActiveCfg = Debug|Any CPU
		{6132C51F-3660-46FF-A79C-CA8221CF6C94}.Debug|Any CPU.Build.0 = Debug|Any CPU
		{6132C51F-3660-46FF-A79C-CA8221CF6C94}.Release|Any CPU.ActiveCfg = Release|Any CPU
		{6132C51F-3660-46FF-A79C-CA8221CF6C94}.Release|Any CPU.Build.0 = Release|Any CPU
		{86E9EC65-000C-4613-902A-2C3E3AEB1F9D}.Debug|Any CPU.ActiveCfg = Debug|Any CPU
		{86E9EC65-000C-4613-902A-2C3E3AEB1F9D}.Debug|Any CPU.Build.0 = Debug|Any CPU
		{86E9EC65-000C-4613-902A-2C3E3AEB1F9D}.Release|Any CPU.ActiveCfg = Release|Any CPU
		{86E9EC65-000C-4613-902A-2C3E3AEB1F9D}.Release|Any CPU.Build.0 = Release|Any CPU
		{77D391EB-AC0B-43F4-BF13-BE2FD4F498AC}.Debug|Any CPU.ActiveCfg = Debug|Any CPU
		{77D391EB-AC0B-43F4-BF13-BE2FD4F498AC}.Debug|Any CPU.Build.0 = Debug|Any CPU
		{77D391EB-AC0B-43F4-BF13-BE2FD4F498AC}.Release|Any CPU.ActiveCfg = Release|Any CPU
		{77D391EB-AC0B-43F4-BF13-BE2FD4F498AC}.Release|Any CPU.Build.0 = Release|Any CPU
		{92F4D4B1-781D-42E7-B0CE-C025AD54ED2F}.Debug|Any CPU.ActiveCfg = Debug|Any CPU
		{92F4D4B1-781D-42E7-B0CE-C025AD54ED2F}.Debug|Any CPU.Build.0 = Debug|Any CPU
		{92F4D4B1-781D-42E7-B0CE-C025AD54ED2F}.Release|Any CPU.ActiveCfg = Release|Any CPU
		{92F4D4B1-781D-42E7-B0CE-C025AD54ED2F}.Release|Any CPU.Build.0 = Release|Any CPU
	EndGlobalSection
	GlobalSection(NestedProjects) = preSolution
		{77D391EB-AC0B-43F4-BF13-BE2FD4F498AC} = {8B5749EA-5756-4CE6-B23A-E1EB671FA3DD}
		{8B5749EA-5756-4CE6-B23A-E1EB671FA3DD} = {EA7D93EE-41ED-47AA-BB80-0C20F8A8334A}
		{21858D87-E62A-49C0-852F-BA3BC7D4BE53} = {95D874D1-7D79-46AF-BE65-E72C08FA2C31}
		{AFBBDEF4-F03B-4EAD-BA72-45A1C3398161} = {95D874D1-7D79-46AF-BE65-E72C08FA2C31}
		{70DEFED8-695B-4356-9AEB-7CA574847FAC} = {95D874D1-7D79-46AF-BE65-E72C08FA2C31}
		{A23608C0-D699-466A-8689-9A5C69311CBD} = {95D874D1-7D79-46AF-BE65-E72C08FA2C31}
		{6346070A-5456-4E52-A2EF-B7C3E18668FB} = {95D874D1-7D79-46AF-BE65-E72C08FA2C31}
		{7D1B086D-3936-4AD1-B233-93188EAF030F} = {95D874D1-7D79-46AF-BE65-E72C08FA2C31}
		{F1436266-92CB-4AD6-9846-FE80A996F9DC} = {95D874D1-7D79-46AF-BE65-E72C08FA2C31}
		{275B1C92-5CF8-47F4-9938-34EF2B5A09AF} = {29887462-60BC-490B-A02B-03978AB5BBD3}
		{A1FC7DB4-7955-4936-AF89-75BADA2D2A04} = {29887462-60BC-490B-A02B-03978AB5BBD3}
		{C5FD9687-44A6-4DED-A84E-AE015A54530D} = {29887462-60BC-490B-A02B-03978AB5BBD3}
		{1C5C310E-5742-4ECE-A637-962035E90FBF} = {29887462-60BC-490B-A02B-03978AB5BBD3}
		{744F5284-9B92-4F89-9D92-0E77D0BDA486} = {29887462-60BC-490B-A02B-03978AB5BBD3}
		{984AAABB-EA2F-4654-8178-27EF03015163} = {29887462-60BC-490B-A02B-03978AB5BBD3}
		{1C3BA798-F415-4149-B7DC-655BCE32FEBF} = {29887462-60BC-490B-A02B-03978AB5BBD3}
		{E0FF166D-7D69-41E9-BC93-CBF4C25C50AC} = {29887462-60BC-490B-A02B-03978AB5BBD3}
		{6333DA9D-BE00-4CBE-B7DF-01E51887F75F} = {CE888642-333D-4F2C-9379-4D982FEE0EF0}
		{0608F135-7DBE-4E9B-A933-F5FA50CF20C6} = {CE888642-333D-4F2C-9379-4D982FEE0EF0}
		{938F59A9-5D80-49CE-B72D-4C53CB1A022D} = {CE888642-333D-4F2C-9379-4D982FEE0EF0}
		{EAE522FE-53CE-4F80-B32F-3F1834BC034D} = {CE888642-333D-4F2C-9379-4D982FEE0EF0}
		{5241E191-2159-466E-923C-1EA778A53F97} = {CE888642-333D-4F2C-9379-4D982FEE0EF0}
		{DE4213DD-7693-405E-8C96-C5932CA04452} = {5241E191-2159-466E-923C-1EA778A53F97}
		{CF0A6E7D-0401-4385-A21F-88DBC8C793AF} = {5241E191-2159-466E-923C-1EA778A53F97}
		{65FFFA4D-3974-44E2-93B5-65C6489CD0A0} = {FC9E0E80-C222-4F6D-BDC4-2C39A4852D8E}
		{CF59B541-DF90-4CA9-B74C-49FDC2DC727B} = {65FFFA4D-3974-44E2-93B5-65C6489CD0A0}
		{6D77573A-708F-4A4B-B298-D7FA47A13CF5} = {65FFFA4D-3974-44E2-93B5-65C6489CD0A0}
		{1EECC44C-3081-44F6-A7B6-3EC304A422BE} = {FC9E0E80-C222-4F6D-BDC4-2C39A4852D8E}
		{CB067840-3BB9-45A8-BFCE-8D957BABFA78} = {1EECC44C-3081-44F6-A7B6-3EC304A422BE}
		{837342DE-0DE2-4822-8BDC-3272E07FD099} = {1EECC44C-3081-44F6-A7B6-3EC304A422BE}
		{CF2F318A-47A8-4FAB-8879-CA87E6DB9402} = {FC9E0E80-C222-4F6D-BDC4-2C39A4852D8E}
		{75234C1F-00CF-447C-83A0-49EB73778F1C} = {FC9E0E80-C222-4F6D-BDC4-2C39A4852D8E}
		{6B28108F-9C3A-44D3-A351-E4595E036ECF} = {75234C1F-00CF-447C-83A0-49EB73778F1C}
		{A0022E2B-7267-48C3-B79F-29F79A5E047F} = {75234C1F-00CF-447C-83A0-49EB73778F1C}
		{BE75DD2E-8DE0-4AC2-9B6E-322D3D0ABB2F} = {75234C1F-00CF-447C-83A0-49EB73778F1C}
		{F0A84E7E-63C5-40DC-8EF2-62AEB86AE0D5} = {75234C1F-00CF-447C-83A0-49EB73778F1C}
		{84094329-29D5-4FC1-9771-47E27E737EC5} = {EA9F8D1C-5374-4E89-B846-540F8EA2FF36}
		{7330FDF4-A461-4446-9141-551198745014} = {84094329-29D5-4FC1-9771-47E27E737EC5}
		{2F9DD7FF-8F79-4868-A245-BAF1A89B830E} = {84094329-29D5-4FC1-9771-47E27E737EC5}
		{24497182-91C5-41C8-BF42-87DE6DA0A666} = {84094329-29D5-4FC1-9771-47E27E737EC5}
		{6A070192-EF7C-4C3B-BF1F-D3511D310B84} = {EA9F8D1C-5374-4E89-B846-540F8EA2FF36}
		{51898FF0-0F26-467E-944E-E73115463D1B} = {6A070192-EF7C-4C3B-BF1F-D3511D310B84}
		{C164A24D-104B-444F-90A1-65C12D627575} = {6A070192-EF7C-4C3B-BF1F-D3511D310B84}
		{4FE110FF-EAD4-4E70-9BA1-D55E38C7ED1C} = {6A070192-EF7C-4C3B-BF1F-D3511D310B84}
		{3DB35C4D-D08D-42DB-AB19-4E777AE584F8} = {DA6F0592-0058-46D5-9665-6E5EB3CBB1B4}
		{CC574F07-506E-46C0-8202-DC5AFBA896D4} = {718E23B4-B358-4C9F-A2F9-56CA23406649}
		{082D111B-772B-4275-B2C6-8F39F64B3314} = {CC574F07-506E-46C0-8202-DC5AFBA896D4}
		{37F18BF2-F30E-4EE7-BA5C-85C5B72BC94F} = {CC574F07-506E-46C0-8202-DC5AFBA896D4}
		{68A18615-E93D-4BDC-8138-D4433A3A83BA} = {CC574F07-506E-46C0-8202-DC5AFBA896D4}
		{739C1E8C-FEA2-4E99-8CF6-B719F12938DE} = {718E23B4-B358-4C9F-A2F9-56CA23406649}
		{542A9274-D7BA-4F02-974E-80EB4B9098CA} = {739C1E8C-FEA2-4E99-8CF6-B719F12938DE}
		{59EE242F-CC47-4661-8008-A5F2AC0DD6F8} = {739C1E8C-FEA2-4E99-8CF6-B719F12938DE}
		{7AC72196-F243-4C81-A879-72D3D43DE802} = {739C1E8C-FEA2-4E99-8CF6-B719F12938DE}
		{D726A999-C984-469F-A974-4B917FD709FC} = {739C1E8C-FEA2-4E99-8CF6-B719F12938DE}
		{F9823E63-7DFE-4A36-A9F2-A473AA41EF64} = {718E23B4-B358-4C9F-A2F9-56CA23406649}
		{6F968203-3DA9-4296-86A0-3EBFB4ED0215} = {F9823E63-7DFE-4A36-A9F2-A473AA41EF64}
		{8AC738F6-8795-4087-82AD-2C994C5F0F26} = {F9823E63-7DFE-4A36-A9F2-A473AA41EF64}
		{F7B5EE23-2B77-478F-BFF6-7D46BEACD7BB} = {F9823E63-7DFE-4A36-A9F2-A473AA41EF64}
		{F23F856E-9369-444D-8AAE-C29A146DFE1C} = {F7B5EE23-2B77-478F-BFF6-7D46BEACD7BB}
		{FFE1A9F9-3ECA-4204-B6AB-20F087ADB806} = {F7B5EE23-2B77-478F-BFF6-7D46BEACD7BB}
		{54FCB454-2A90-4055-8F29-EA2ACC2F65E2} = {718E23B4-B358-4C9F-A2F9-56CA23406649}
		{D0865C6E-55D4-4724-A43E-3C61E29AA43C} = {54FCB454-2A90-4055-8F29-EA2ACC2F65E2}
		{5EAA2243-76E8-498E-B6AB-02EA1F28140F} = {54FCB454-2A90-4055-8F29-EA2ACC2F65E2}
		{49383834-28D8-4920-A184-F4EE8507572D} = {54FCB454-2A90-4055-8F29-EA2ACC2F65E2}
		{6132C51F-3660-46FF-A79C-CA8221CF6C94} = {6132C51F-3660-46FF-A79C-CA8221CF6C94}
		{86E9EC65-000C-4613-902A-2C3E3AEB1F9D} = {8B5749EA-5756-4CE6-B23A-E1EB671FA3DD}
		{92F4D4B1-781D-42E7-B0CE-C025AD54ED2F} = {8B5749EA-5756-4CE6-B23A-E1EB671FA3DD}
	EndGlobalSection
EndGlobal
